
Microsoft Visual Studio Solution File, Format Version 11.00
# Visual Studio 2010
Project("{8BC9CEB8-8B4A-11D0-8D11-00A0C91BC942}") = "4", "4\4.vcxproj", "{E0CB9162-800D-49D9-B35D-D77BE8E21EC0}"
EndProject
Global
	GlobalSection(SolutionConfigurationPlatforms) = preSolution
		Debug|Win32 = Debug|Win32
		Release|Win32 = Release|Win32
	EndGlobalSection
	GlobalSection(ProjectConfigurationPlatforms) = postSolution
		{E0CB9162-800D-49D9-B35D-D77BE8E21EC0}.Debug|Win32.ActiveCfg = Debug|Win32
		{E0CB9162-800D-49D9-B35D-D77BE8E21EC0}.Debug|Win32.Build.0 = Debug|Win32
		{E0CB9162-800D-49D9-B35D-D77BE8E21EC0}.Release|Win32.ActiveCfg = Release|Win32
		{E0CB9162-800D-49D9-B35D-D77BE8E21EC0}.Release|Win32.Build.0 = Release|Win32
	EndGlobalSection
	GlobalSection(SolutionProperties) = preSolution
		HideSolutionNode = FALSE
	EndGlobalSection
EndGlobal
